
Microsoft Visual Studio Solution File, Format Version 12.00
# Visual Studio 15
VisualStudioVersion = 15.0.28307.1831
MinimumVisualStudioVersion = 10.0.40219.1
Project("{FAE04EC0-301F-11D3-BF4B-00C04F79EFBC}") = "ArkSys", "ArkSys\ArkSys.csproj", "{55ADABD0-7D5E-43E6-A9B3-1CA9B0C22802}"
EndProject
Global
	GlobalSection(SolutionConfigurationPlatforms) = preSolution
		Debug|Any CPU = Debug|Any CPU
		Release|Any CPU = Release|Any CPU
	EndGlobalSection
	GlobalSection(ProjectConfigurationPlatforms) = postSolution
		{55ADABD0-7D5E-43E6-A9B3-1CA9B0C22802}.Debug|Any CPU.ActiveCfg = Debug|Any CPU
		{55ADABD0-7D5E-43E6-A9B3-1CA9B0C22802}.Debug|Any CPU.Build.0 = Debug|Any CPU
		{55ADABD0-7D5E-43E6-A9B3-1CA9B0C22802}.Release|Any CPU.ActiveCfg = Release|Any CPU
		{55ADABD0-7D5E-43E6-A9B3-1CA9B0C22802}.Release|Any CPU.Build.0 = Release|Any CPU
	EndGlobalSection
	GlobalSection(SolutionProperties) = preSolution
		HideSolutionNode = FALSE
	EndGlobalSection
	GlobalSection(ExtensibilityGlobals) = postSolution
		SolutionGuid = {354D6D01-CB60-449B-8D34-C1A001C241AF}
	EndGlobalSection
EndGlobal
